
Microsoft Visual Studio Solution File, Format Version 11.00
# Visual Studio 2010
Project("{FAE04EC0-301F-11D3-BF4B-00C04F79EFBC}") = "TwoStrings", "TwoStrings\TwoStrings.csproj", "{73A5179C-408D-47C4-A94A-323716578145}"
EndProject
Project("{FAE04EC0-301F-11D3-BF4B-00C04F79EFBC}") = "TwoStrings.UnitTests", "TwoStrings.UnitTests\TwoStrings.UnitTests.csproj", "{FBF6DA82-96EC-4643-BCC3-5AD669EDB75C}"
EndProject
Global
	GlobalSection(SolutionConfigurationPlatforms) = preSolution
		Debug|Any CPU = Debug|Any CPU
		Debug|Mixed Platforms = Debug|Mixed Platforms
		Debug|x86 = Debug|x86
		Release|Any CPU = Release|Any CPU
		Release|Mixed Platforms = Release|Mixed Platforms
		Release|x86 = Release|x86
	EndGlobalSection
	GlobalSection(ProjectConfigurationPlatforms) = postSolution
		{73A5179C-408D-47C4-A94A-323716578145}.Debug|Any CPU.ActiveCfg = Debug|x86
		{73A5179C-408D-47C4-A94A-323716578145}.Debug|Mixed Platforms.ActiveCfg = Debug|x86
		{73A5179C-408D-47C4-A94A-323716578145}.Debug|Mixed Platforms.Build.0 = Debug|x86
		{73A5179C-408D-47C4-A94A-323716578145}.Debug|x86.ActiveCfg = Debug|x86
		{73A5179C-408D-47C4-A94A-323716578145}.Debug|x86.Build.0 = Debug|x86
		{73A5179C-408D-47C4-A94A-323716578145}.Release|Any CPU.ActiveCfg = Release|x86
		{73A5179C-408D-47C4-A94A-323716578145}.Release|Mixed Platforms.ActiveCfg = Release|x86
		{73A5179C-408D-47C4-A94A-323716578145}.Release|Mixed Platforms.Build.0 = Release|x86
		{73A5179C-408D-47C4-A94A-323716578145}.Release|x86.ActiveCfg = Release|x86
		{73A5179C-408D-47C4-A94A-323716578145}.Release|x86.Build.0 = Release|x86
		{FBF6DA82-96EC-4643-BCC3-5AD669EDB75C}.Debug|Any CPU.ActiveCfg = Debug|Any CPU
		{FBF6DA82-96EC-4643-BCC3-5AD669EDB75C}.Debug|Any CPU.Build.0 = Debug|Any CPU
		{FBF6DA82-96EC-4643-BCC3-5AD669EDB75C}.Debug|Mixed Platforms.ActiveCfg = Debug|Any CPU
		{FBF6DA82-96EC-4643-BCC3-5AD669EDB75C}.Debug|Mixed Platforms.Build.0 = Debug|Any CPU
		{FBF6DA82-96EC-4643-BCC3-5AD669EDB75C}.Debug|x86.ActiveCfg = Debug|Any CPU
		{FBF6DA82-96EC-4643-BCC3-5AD669EDB75C}.Release|Any CPU.ActiveCfg = Release|Any CPU
		{FBF6DA82-96EC-4643-BCC3-5AD669EDB75C}.Release|Any CPU.Build.0 = Release|Any CPU
		{FBF6DA82-96EC-4643-BCC3-5AD669EDB75C}.Release|Mixed Platforms.ActiveCfg = Release|Any CPU
		{FBF6DA82-96EC-4643-BCC3-5AD669EDB75C}.Release|Mixed Platforms.Build.0 = Release|Any CPU
		{FBF6DA82-96EC-4643-BCC3-5AD669EDB75C}.Release|x86.ActiveCfg = Release|Any CPU
	EndGlobalSection
	GlobalSection(SolutionProperties) = preSolution
		HideSolutionNode = FALSE
	EndGlobalSection
EndGlobal
