
Microsoft Visual Studio Solution File, Format Version 11.00
# Visual Studio 2010
Project("{FAE04EC0-301F-11D3-BF4B-00C04F79EFBC}") = "RansomNote", "RansomeNote\RansomNote.csproj", "{2D0468DA-3A0A-4E72-930D-0E77D00CD054}"
EndProject
Project("{FAE04EC0-301F-11D3-BF4B-00C04F79EFBC}") = "RansomNote.UnitTests", "RansomeNote.Tests\RansomNote.UnitTests.csproj", "{36673EA4-B526-4185-A75B-01FD0E32AFDE}"
EndProject
Global
	GlobalSection(SolutionConfigurationPlatforms) = preSolution
		Debug|Any CPU = Debug|Any CPU
		Debug|Mixed Platforms = Debug|Mixed Platforms
		Debug|x86 = Debug|x86
		Release|Any CPU = Release|Any CPU
		Release|Mixed Platforms = Release|Mixed Platforms
		Release|x86 = Release|x86
	EndGlobalSection
	GlobalSection(ProjectConfigurationPlatforms) = postSolution
		{2D0468DA-3A0A-4E72-930D-0E77D00CD054}.Debug|Any CPU.ActiveCfg = Debug|x86
		{2D0468DA-3A0A-4E72-930D-0E77D00CD054}.Debug|Mixed Platforms.ActiveCfg = Debug|x86
		{2D0468DA-3A0A-4E72-930D-0E77D00CD054}.Debug|Mixed Platforms.Build.0 = Debug|x86
		{2D0468DA-3A0A-4E72-930D-0E77D00CD054}.Debug|x86.ActiveCfg = Debug|x86
		{2D0468DA-3A0A-4E72-930D-0E77D00CD054}.Debug|x86.Build.0 = Debug|x86
		{2D0468DA-3A0A-4E72-930D-0E77D00CD054}.Release|Any CPU.ActiveCfg = Release|x86
		{2D0468DA-3A0A-4E72-930D-0E77D00CD054}.Release|Mixed Platforms.ActiveCfg = Release|x86
		{2D0468DA-3A0A-4E72-930D-0E77D00CD054}.Release|Mixed Platforms.Build.0 = Release|x86
		{2D0468DA-3A0A-4E72-930D-0E77D00CD054}.Release|x86.ActiveCfg = Release|x86
		{2D0468DA-3A0A-4E72-930D-0E77D00CD054}.Release|x86.Build.0 = Release|x86
		{36673EA4-B526-4185-A75B-01FD0E32AFDE}.Debug|Any CPU.ActiveCfg = Debug|Any CPU
		{36673EA4-B526-4185-A75B-01FD0E32AFDE}.Debug|Any CPU.Build.0 = Debug|Any CPU
		{36673EA4-B526-4185-A75B-01FD0E32AFDE}.Debug|Mixed Platforms.ActiveCfg = Debug|Any CPU
		{36673EA4-B526-4185-A75B-01FD0E32AFDE}.Debug|Mixed Platforms.Build.0 = Debug|Any CPU
		{36673EA4-B526-4185-A75B-01FD0E32AFDE}.Debug|x86.ActiveCfg = Debug|Any CPU
		{36673EA4-B526-4185-A75B-01FD0E32AFDE}.Release|Any CPU.ActiveCfg = Release|Any CPU
		{36673EA4-B526-4185-A75B-01FD0E32AFDE}.Release|Any CPU.Build.0 = Release|Any CPU
		{36673EA4-B526-4185-A75B-01FD0E32AFDE}.Release|Mixed Platforms.ActiveCfg = Release|Any CPU
		{36673EA4-B526-4185-A75B-01FD0E32AFDE}.Release|Mixed Platforms.Build.0 = Release|Any CPU
		{36673EA4-B526-4185-A75B-01FD0E32AFDE}.Release|x86.ActiveCfg = Release|Any CPU
	EndGlobalSection
	GlobalSection(SolutionProperties) = preSolution
		HideSolutionNode = FALSE
	EndGlobalSection
EndGlobal
