
Microsoft Visual Studio Solution File, Format Version 11.00
# Visual Studio 2010
Project("{FAE04EC0-301F-11D3-BF4B-00C04F79EFBC}") = "Snail", "Snail\Snail.csproj", "{F22A512D-D361-4119-9350-00FEB81DFFDC}"
EndProject
Project("{FAE04EC0-301F-11D3-BF4B-00C04F79EFBC}") = "Snail.UnitTests", "Snail.UnitTests\Snail.UnitTests.csproj", "{4855ECED-EA14-43DD-B83F-4C5AC6B9E607}"
EndProject
Global
	GlobalSection(SolutionConfigurationPlatforms) = preSolution
		Debug|Any CPU = Debug|Any CPU
		Debug|Mixed Platforms = Debug|Mixed Platforms
		Debug|x86 = Debug|x86
		Release|Any CPU = Release|Any CPU
		Release|Mixed Platforms = Release|Mixed Platforms
		Release|x86 = Release|x86
	EndGlobalSection
	GlobalSection(ProjectConfigurationPlatforms) = postSolution
		{F22A512D-D361-4119-9350-00FEB81DFFDC}.Debug|Any CPU.ActiveCfg = Debug|x86
		{F22A512D-D361-4119-9350-00FEB81DFFDC}.Debug|Mixed Platforms.ActiveCfg = Debug|x86
		{F22A512D-D361-4119-9350-00FEB81DFFDC}.Debug|Mixed Platforms.Build.0 = Debug|x86
		{F22A512D-D361-4119-9350-00FEB81DFFDC}.Debug|x86.ActiveCfg = Debug|x86
		{F22A512D-D361-4119-9350-00FEB81DFFDC}.Debug|x86.Build.0 = Debug|x86
		{F22A512D-D361-4119-9350-00FEB81DFFDC}.Release|Any CPU.ActiveCfg = Release|x86
		{F22A512D-D361-4119-9350-00FEB81DFFDC}.Release|Mixed Platforms.ActiveCfg = Release|x86
		{F22A512D-D361-4119-9350-00FEB81DFFDC}.Release|Mixed Platforms.Build.0 = Release|x86
		{F22A512D-D361-4119-9350-00FEB81DFFDC}.Release|x86.ActiveCfg = Release|x86
		{F22A512D-D361-4119-9350-00FEB81DFFDC}.Release|x86.Build.0 = Release|x86
		{4855ECED-EA14-43DD-B83F-4C5AC6B9E607}.Debug|Any CPU.ActiveCfg = Debug|Any CPU
		{4855ECED-EA14-43DD-B83F-4C5AC6B9E607}.Debug|Any CPU.Build.0 = Debug|Any CPU
		{4855ECED-EA14-43DD-B83F-4C5AC6B9E607}.Debug|Mixed Platforms.ActiveCfg = Debug|Any CPU
		{4855ECED-EA14-43DD-B83F-4C5AC6B9E607}.Debug|Mixed Platforms.Build.0 = Debug|Any CPU
		{4855ECED-EA14-43DD-B83F-4C5AC6B9E607}.Debug|x86.ActiveCfg = Debug|Any CPU
		{4855ECED-EA14-43DD-B83F-4C5AC6B9E607}.Release|Any CPU.ActiveCfg = Release|Any CPU
		{4855ECED-EA14-43DD-B83F-4C5AC6B9E607}.Release|Any CPU.Build.0 = Release|Any CPU
		{4855ECED-EA14-43DD-B83F-4C5AC6B9E607}.Release|Mixed Platforms.ActiveCfg = Release|Any CPU
		{4855ECED-EA14-43DD-B83F-4C5AC6B9E607}.Release|Mixed Platforms.Build.0 = Release|Any CPU
		{4855ECED-EA14-43DD-B83F-4C5AC6B9E607}.Release|x86.ActiveCfg = Release|Any CPU
	EndGlobalSection
	GlobalSection(SolutionProperties) = preSolution
		HideSolutionNode = FALSE
	EndGlobalSection
EndGlobal
